
Microsoft Visual Studio Solution File, Format Version 12.00
# Visual Studio Version 16
VisualStudioVersion = 16.0.30523.141
MinimumVisualStudioVersion = 10.0.40219.1
Project("{FAE04EC0-301F-11D3-BF4B-00C04F79EFBC}") = "Chummer", "Chummer\Chummer.csproj", "{95279469-5A3E-42E6-993C-6A403586C86E}"
	ProjectSection(ProjectDependencies) = postProject
		{B65D0252-6BCB-4901-9CA6-856EF785DF8D} = {B65D0252-6BCB-4901-9CA6-856EF785DF8D}
		{8C904468-F3A3-4034-B2DE-ED532803AD38} = {8C904468-F3A3-4034-B2DE-ED532803AD38}
		{97EFDBA5-9A5A-459E-BEC4-BA7647295675} = {97EFDBA5-9A5A-459E-BEC4-BA7647295675}
		{1D8E1DB3-F9DB-4F7D-9575-D88C0814AD9B} = {1D8E1DB3-F9DB-4F7D-9575-D88C0814AD9B}
	EndProjectSection
EndProject
Project("{2150E333-8FDC-42A3-9474-1A3956D46DE8}") = "Solution Items", "Solution Items", "{3BA63651-26F7-43C4-B47A-AEA1E4181434}"
	ProjectSection(SolutionItems) = preProject
		.editorconfig = .editorconfig
		appveyor.yml = appveyor.yml
		global.json = global.json
		LICENSE.txt = LICENSE.txt
	EndProjectSection
EndProject
Project("{FAE04EC0-301F-11D3-BF4B-00C04F79EFBC}") = "CrashHandler", "CrashHandler\CrashHandler.csproj", "{8C904468-F3A3-4034-B2DE-ED532803AD38}"
EndProject
Project("{FAE04EC0-301F-11D3-BF4B-00C04F79EFBC}") = "ChummerDataViewer", "ChummerDataViewer\ChummerDataViewer.csproj", "{9951D983-ED70-4F91-A958-8C13F006CB24}"
EndProject
Project("{FAE04EC0-301F-11D3-BF4B-00C04F79EFBC}") = "Textblock-Converter", "TextblockConverter\Textblock-Converter.csproj", "{97EFDBA5-9A5A-459E-BEC4-BA7647295675}"
EndProject
Project("{FAE04EC0-301F-11D3-BF4B-00C04F79EFBC}") = "Translator", "Translator\Translator.csproj", "{B65D0252-6BCB-4901-9CA6-856EF785DF8D}"
EndProject
Project("{FAE04EC0-301F-11D3-BF4B-00C04F79EFBC}") = "Chummer.Tests", "Chummer.Tests\Chummer.Tests.csproj", "{8C20E7FA-9C93-42A9-A969-C3F5BDF093EA}"
EndProject
Project("{9A19103F-16F7-4668-BE54-9A1E7A4F7556}") = "ChummerHub", "ChummerHub\ChummerHub.csproj", "{1D8E1DB3-F9DB-4F7D-9575-D88C0814AD9B}"
EndProject
Project("{FAE04EC0-301F-11D3-BF4B-00C04F79EFBC}") = "ChummerHub.Client", "Plugins\ChummerHub.Client\ChummerHub.Client.csproj", "{3C2FBA71-EAA6-490E-9213-69EDA4E64DB0}"
EndProject
Project("{2150E333-8FDC-42A3-9474-1A3956D46DE8}") = "Plugins", "Plugins", "{9C112322-31EA-418C-AC07-C6D030155FA3}"
EndProject
Project("{FAE04EC0-301F-11D3-BF4B-00C04F79EFBC}") = "SamplePlugin", "Plugins\SamplePlugin\SamplePlugin.csproj", "{EA016472-2F78-43F9-AF2C-809BDF766645}"
EndProject
Project("{FAE04EC0-301F-11D3-BF4B-00C04F79EFBC}") = "Chummer.Benchmarks", "Chummer.Benchmarks\Chummer.Benchmarks.csproj", "{CC9FD36D-6035-4F9B-B4A7-B3421C9C5302}"
EndProject
Global
	GlobalSection(SolutionConfigurationPlatforms) = preSolution
		Debug|Any CPU = Debug|Any CPU
		Debug|x86 = Debug|x86
		Release|Any CPU = Release|Any CPU
		Release|x86 = Release|x86
	EndGlobalSection
	GlobalSection(ProjectConfigurationPlatforms) = postSolution
		{95279469-5A3E-42E6-993C-6A403586C86E}.Debug|Any CPU.ActiveCfg = Debug|x86
		{95279469-5A3E-42E6-993C-6A403586C86E}.Debug|Any CPU.Build.0 = Debug|x86
		{95279469-5A3E-42E6-993C-6A403586C86E}.Debug|x86.ActiveCfg = Debug|x86
		{95279469-5A3E-42E6-993C-6A403586C86E}.Debug|x86.Build.0 = Debug|x86
		{95279469-5A3E-42E6-993C-6A403586C86E}.Release|Any CPU.ActiveCfg = Release|x86
		{95279469-5A3E-42E6-993C-6A403586C86E}.Release|Any CPU.Build.0 = Release|x86
		{95279469-5A3E-42E6-993C-6A403586C86E}.Release|Any CPU.Deploy.0 = Release|x86
		{95279469-5A3E-42E6-993C-6A403586C86E}.Release|x86.ActiveCfg = Release|x86
		{95279469-5A3E-42E6-993C-6A403586C86E}.Release|x86.Build.0 = Release|x86
		{8C904468-F3A3-4034-B2DE-ED532803AD38}.Debug|Any CPU.ActiveCfg = Debug|Any CPU
		{8C904468-F3A3-4034-B2DE-ED532803AD38}.Debug|Any CPU.Build.0 = Debug|Any CPU
		{8C904468-F3A3-4034-B2DE-ED532803AD38}.Debug|x86.ActiveCfg = Debug|Any CPU
		{8C904468-F3A3-4034-B2DE-ED532803AD38}.Debug|x86.Build.0 = Debug|Any CPU
		{8C904468-F3A3-4034-B2DE-ED532803AD38}.Release|Any CPU.ActiveCfg = Release|Any CPU
		{8C904468-F3A3-4034-B2DE-ED532803AD38}.Release|Any CPU.Build.0 = Release|Any CPU
		{8C904468-F3A3-4034-B2DE-ED532803AD38}.Release|x86.ActiveCfg = Release|Any CPU
		{8C904468-F3A3-4034-B2DE-ED532803AD38}.Release|x86.Build.0 = Release|Any CPU
		{9951D983-ED70-4F91-A958-8C13F006CB24}.Debug|Any CPU.ActiveCfg = Debug|Any CPU
		{9951D983-ED70-4F91-A958-8C13F006CB24}.Debug|Any CPU.Build.0 = Debug|Any CPU
		{9951D983-ED70-4F91-A958-8C13F006CB24}.Debug|x86.ActiveCfg = Debug|Any CPU
		{9951D983-ED70-4F91-A958-8C13F006CB24}.Debug|x86.Build.0 = Debug|Any CPU
		{9951D983-ED70-4F91-A958-8C13F006CB24}.Release|Any CPU.ActiveCfg = Release|Any CPU
		{9951D983-ED70-4F91-A958-8C13F006CB24}.Release|Any CPU.Build.0 = Release|Any CPU
		{9951D983-ED70-4F91-A958-8C13F006CB24}.Release|x86.ActiveCfg = Release|Any CPU
		{9951D983-ED70-4F91-A958-8C13F006CB24}.Release|x86.Build.0 = Release|Any CPU
		{97EFDBA5-9A5A-459E-BEC4-BA7647295675}.Debug|Any CPU.ActiveCfg = Debug|Any CPU
		{97EFDBA5-9A5A-459E-BEC4-BA7647295675}.Debug|Any CPU.Build.0 = Debug|Any CPU
		{97EFDBA5-9A5A-459E-BEC4-BA7647295675}.Debug|x86.ActiveCfg = Debug|Any CPU
		{97EFDBA5-9A5A-459E-BEC4-BA7647295675}.Debug|x86.Build.0 = Debug|Any CPU
		{97EFDBA5-9A5A-459E-BEC4-BA7647295675}.Release|Any CPU.ActiveCfg = Release|Any CPU
		{97EFDBA5-9A5A-459E-BEC4-BA7647295675}.Release|Any CPU.Build.0 = Release|Any CPU
		{97EFDBA5-9A5A-459E-BEC4-BA7647295675}.Release|x86.ActiveCfg = Release|Any CPU
		{97EFDBA5-9A5A-459E-BEC4-BA7647295675}.Release|x86.Build.0 = Release|Any CPU
		{B65D0252-6BCB-4901-9CA6-856EF785DF8D}.Debug|Any CPU.ActiveCfg = Debug|x86
		{B65D0252-6BCB-4901-9CA6-856EF785DF8D}.Debug|Any CPU.Build.0 = Debug|x86
		{B65D0252-6BCB-4901-9CA6-856EF785DF8D}.Debug|x86.ActiveCfg = Debug|x86
		{B65D0252-6BCB-4901-9CA6-856EF785DF8D}.Debug|x86.Build.0 = Debug|x86
		{B65D0252-6BCB-4901-9CA6-856EF785DF8D}.Release|Any CPU.ActiveCfg = Release|x86
		{B65D0252-6BCB-4901-9CA6-856EF785DF8D}.Release|Any CPU.Build.0 = Release|x86
		{B65D0252-6BCB-4901-9CA6-856EF785DF8D}.Release|x86.ActiveCfg = Release|x86
		{B65D0252-6BCB-4901-9CA6-856EF785DF8D}.Release|x86.Build.0 = Release|x86
		{8C20E7FA-9C93-42A9-A969-C3F5BDF093EA}.Debug|Any CPU.ActiveCfg = Debug|Any CPU
		{8C20E7FA-9C93-42A9-A969-C3F5BDF093EA}.Debug|Any CPU.Build.0 = Debug|Any CPU
		{8C20E7FA-9C93-42A9-A969-C3F5BDF093EA}.Debug|x86.ActiveCfg = Debug|Any CPU
		{8C20E7FA-9C93-42A9-A969-C3F5BDF093EA}.Debug|x86.Build.0 = Debug|Any CPU
		{8C20E7FA-9C93-42A9-A969-C3F5BDF093EA}.Release|Any CPU.ActiveCfg = Release|Any CPU
		{8C20E7FA-9C93-42A9-A969-C3F5BDF093EA}.Release|Any CPU.Build.0 = Release|Any CPU
		{8C20E7FA-9C93-42A9-A969-C3F5BDF093EA}.Release|x86.ActiveCfg = Release|Any CPU
		{8C20E7FA-9C93-42A9-A969-C3F5BDF093EA}.Release|x86.Build.0 = Release|Any CPU
		{1D8E1DB3-F9DB-4F7D-9575-D88C0814AD9B}.Debug|Any CPU.ActiveCfg = Debug|Any CPU
		{1D8E1DB3-F9DB-4F7D-9575-D88C0814AD9B}.Debug|Any CPU.Build.0 = Debug|Any CPU
		{1D8E1DB3-F9DB-4F7D-9575-D88C0814AD9B}.Debug|x86.ActiveCfg = Debug|Any CPU
		{1D8E1DB3-F9DB-4F7D-9575-D88C0814AD9B}.Debug|x86.Build.0 = Debug|Any CPU
		{1D8E1DB3-F9DB-4F7D-9575-D88C0814AD9B}.Release|Any CPU.ActiveCfg = Release|Any CPU
		{1D8E1DB3-F9DB-4F7D-9575-D88C0814AD9B}.Release|Any CPU.Build.0 = Release|Any CPU
		{1D8E1DB3-F9DB-4F7D-9575-D88C0814AD9B}.Release|x86.ActiveCfg = Release|Any CPU
		{1D8E1DB3-F9DB-4F7D-9575-D88C0814AD9B}.Release|x86.Build.0 = Release|Any CPU
		{3C2FBA71-EAA6-490E-9213-69EDA4E64DB0}.Debug|Any CPU.ActiveCfg = Debug|Any CPU
		{3C2FBA71-EAA6-490E-9213-69EDA4E64DB0}.Debug|Any CPU.Build.0 = Debug|Any CPU
		{3C2FBA71-EAA6-490E-9213-69EDA4E64DB0}.Debug|x86.ActiveCfg = Debug|Any CPU
		{3C2FBA71-EAA6-490E-9213-69EDA4E64DB0}.Debug|x86.Build.0 = Debug|Any CPU
		{3C2FBA71-EAA6-490E-9213-69EDA4E64DB0}.Release|Any CPU.ActiveCfg = Release|Any CPU
		{3C2FBA71-EAA6-490E-9213-69EDA4E64DB0}.Release|Any CPU.Build.0 = Release|Any CPU
		{3C2FBA71-EAA6-490E-9213-69EDA4E64DB0}.Release|x86.ActiveCfg = Release|Any CPU
		{3C2FBA71-EAA6-490E-9213-69EDA4E64DB0}.Release|x86.Build.0 = Release|Any CPU
		{EA016472-2F78-43F9-AF2C-809BDF766645}.Debug|Any CPU.ActiveCfg = Debug|Any CPU
		{EA016472-2F78-43F9-AF2C-809BDF766645}.Debug|Any CPU.Build.0 = Debug|Any CPU
		{EA016472-2F78-43F9-AF2C-809BDF766645}.Debug|x86.ActiveCfg = Debug|Any CPU
		{EA016472-2F78-43F9-AF2C-809BDF766645}.Debug|x86.Build.0 = Debug|Any CPU
		{EA016472-2F78-43F9-AF2C-809BDF766645}.Release|Any CPU.ActiveCfg = Release|Any CPU
		{EA016472-2F78-43F9-AF2C-809BDF766645}.Release|Any CPU.Build.0 = Release|Any CPU
		{EA016472-2F78-43F9-AF2C-809BDF766645}.Release|x86.ActiveCfg = Release|Any CPU
		{EA016472-2F78-43F9-AF2C-809BDF766645}.Release|x86.Build.0 = Release|Any CPU
		{CC9FD36D-6035-4F9B-B4A7-B3421C9C5302}.Debug|Any CPU.ActiveCfg = Debug|Any CPU
		{CC9FD36D-6035-4F9B-B4A7-B3421C9C5302}.Debug|Any CPU.Build.0 = Debug|Any CPU
		{CC9FD36D-6035-4F9B-B4A7-B3421C9C5302}.Debug|x86.ActiveCfg = Debug|Any CPU
		{CC9FD36D-6035-4F9B-B4A7-B3421C9C5302}.Debug|x86.Build.0 = Debug|Any CPU
		{CC9FD36D-6035-4F9B-B4A7-B3421C9C5302}.Release|Any CPU.ActiveCfg = Release|Any CPU
		{CC9FD36D-6035-4F9B-B4A7-B3421C9C5302}.Release|Any CPU.Build.0 = Release|Any CPU
		{CC9FD36D-6035-4F9B-B4A7-B3421C9C5302}.Release|x86.ActiveCfg = Release|Any CPU
		{CC9FD36D-6035-4F9B-B4A7-B3421C9C5302}.Release|x86.Build.0 = Release|Any CPU
	EndGlobalSection
	GlobalSection(SolutionProperties) = preSolution
		HideSolutionNode = FALSE
	EndGlobalSection
	GlobalSection(NestedProjects) = preSolution
		{3C2FBA71-EAA6-490E-9213-69EDA4E64DB0} = {9C112322-31EA-418C-AC07-C6D030155FA3}
		{EA016472-2F78-43F9-AF2C-809BDF766645} = {9C112322-31EA-418C-AC07-C6D030155FA3}
	EndGlobalSection
	GlobalSection(ExtensibilityGlobals) = postSolution
		SolutionGuid = {55540ABF-8BD7-4553-8C6D-03B5E024555F}
	EndGlobalSection
	GlobalSection(Performance) = preSolution
		HasPerformanceSessions = true
	EndGlobalSection
	GlobalSection(Performance) = preSolution
		HasPerformanceSessions = true
	EndGlobalSection
	GlobalSection(Performance) = preSolution
		HasPerformanceSessions = true
	EndGlobalSection
	GlobalSection(Performance) = preSolution
		HasPerformanceSessions = true
	EndGlobalSection
	GlobalSection(Performance) = preSolution
		HasPerformanceSessions = true
	EndGlobalSection
	GlobalSection(Performance) = preSolution
		HasPerformanceSessions = true
	EndGlobalSection
	GlobalSection(Performance) = preSolution
		HasPerformanceSessions = true
	EndGlobalSection
EndGlobal
