
Microsoft Visual Studio Solution File, Format Version 12.00
# Visual Studio 15
VisualStudioVersion = 15.0.27130.2026
MinimumVisualStudioVersion = 10.0.40219.1
Project("{FAE04EC0-301F-11D3-BF4B-00C04F79EFBC}") = "ChummerHub.Client", "ChummerHub.Client\ChummerHub.Client.csproj", "{3C2FBA71-EAA6-490E-9213-69EDA4E64DB0}"
EndProject
Project("{FAE04EC0-301F-11D3-BF4B-00C04F79EFBC}") = "ChummerHub.Client.Tests", "ChummerHub.Client.Tests\ChummerHub.Client.Tests.csproj", "{D9095AB5-F0FA-4262-B9E2-40974212A7AC}"
EndProject
Project("{FAE04EC0-301F-11D3-BF4B-00C04F79EFBC}") = "Chummer.Tests", "Chummer.Tests\Chummer.Tests.csproj", "{8C20E7FA-9C93-42A9-A969-C3F5BDF093EA}"
EndProject
Project("{FAE04EC0-301F-11D3-BF4B-00C04F79EFBC}") = "Chummer", "Chummer\Chummer.csproj", "{95279469-5A3E-42E6-993C-6A403586C86E}"
EndProject
Project("{FAE04EC0-301F-11D3-BF4B-00C04F79EFBC}") = "ChummerDataViewer", "ChummerDataViewer\ChummerDataViewer.csproj", "{9951D983-ED70-4F91-A958-8C13F006CB24}"
EndProject
Project("{9A19103F-16F7-4668-BE54-9A1E7A4F7556}") = "ChummerHub", "ChummerHub\ChummerHub.csproj", "{A626E370-E99F-4C70-85FE-0B95B435E319}"
EndProject
Project("{FAE04EC0-301F-11D3-BF4B-00C04F79EFBC}") = "CrashHandler", "CrashHandler\CrashHandler.csproj", "{8C904468-F3A3-4034-B2DE-ED532803AD38}"
EndProject
Project("{FAE04EC0-301F-11D3-BF4B-00C04F79EFBC}") = "Translator", "Translator\Translator.csproj", "{B65D0252-6BCB-4901-9CA6-856EF785DF8D}"
EndProject
Project("{FAE04EC0-301F-11D3-BF4B-00C04F79EFBC}") = "Textblock-Converter", "TextblockConverter\Textblock-Converter.csproj", "{97EFDBA5-9A5A-459E-BEC4-BA7647295675}"
EndProject
Project("{2150E333-8FDC-42A3-9474-1A3956D46DE8}") = "Solution Items", "Solution Items", "{5C531FC2-A2B7-48C7-B51A-5DFA928F75A5}"
	ProjectSection(SolutionItems) = preProject
		.editorconfig = .editorconfig
	EndProjectSection
EndProject
Global
	GlobalSection(SolutionConfigurationPlatforms) = preSolution
		Debug|Any CPU = Debug|Any CPU
		Debug|x86 = Debug|x86
		Release|Any CPU = Release|Any CPU
		Release|x86 = Release|x86
	EndGlobalSection
	GlobalSection(ProjectConfigurationPlatforms) = postSolution
		{3C2FBA71-EAA6-490E-9213-69EDA4E64DB0}.Debug|Any CPU.ActiveCfg = Debug|Any CPU
		{3C2FBA71-EAA6-490E-9213-69EDA4E64DB0}.Debug|Any CPU.Build.0 = Debug|Any CPU
		{3C2FBA71-EAA6-490E-9213-69EDA4E64DB0}.Debug|x86.ActiveCfg = Debug|Any CPU
		{3C2FBA71-EAA6-490E-9213-69EDA4E64DB0}.Debug|x86.Build.0 = Debug|Any CPU
		{3C2FBA71-EAA6-490E-9213-69EDA4E64DB0}.Release|Any CPU.ActiveCfg = Release|Any CPU
		{3C2FBA71-EAA6-490E-9213-69EDA4E64DB0}.Release|Any CPU.Build.0 = Release|Any CPU
		{3C2FBA71-EAA6-490E-9213-69EDA4E64DB0}.Release|x86.ActiveCfg = Release|Any CPU
		{3C2FBA71-EAA6-490E-9213-69EDA4E64DB0}.Release|x86.Build.0 = Release|Any CPU
		{D9095AB5-F0FA-4262-B9E2-40974212A7AC}.Debug|Any CPU.ActiveCfg = Debug|Any CPU
		{D9095AB5-F0FA-4262-B9E2-40974212A7AC}.Debug|Any CPU.Build.0 = Debug|Any CPU
		{D9095AB5-F0FA-4262-B9E2-40974212A7AC}.Debug|x86.ActiveCfg = Debug|Any CPU
		{D9095AB5-F0FA-4262-B9E2-40974212A7AC}.Debug|x86.Build.0 = Debug|Any CPU
		{D9095AB5-F0FA-4262-B9E2-40974212A7AC}.Release|Any CPU.ActiveCfg = Release|Any CPU
		{D9095AB5-F0FA-4262-B9E2-40974212A7AC}.Release|Any CPU.Build.0 = Release|Any CPU
		{D9095AB5-F0FA-4262-B9E2-40974212A7AC}.Release|x86.ActiveCfg = Release|Any CPU
		{D9095AB5-F0FA-4262-B9E2-40974212A7AC}.Release|x86.Build.0 = Release|Any CPU
		{8C20E7FA-9C93-42A9-A969-C3F5BDF093EA}.Debug|Any CPU.ActiveCfg = Debug|Any CPU
		{8C20E7FA-9C93-42A9-A969-C3F5BDF093EA}.Debug|Any CPU.Build.0 = Debug|Any CPU
		{8C20E7FA-9C93-42A9-A969-C3F5BDF093EA}.Debug|x86.ActiveCfg = Debug|Any CPU
		{8C20E7FA-9C93-42A9-A969-C3F5BDF093EA}.Debug|x86.Build.0 = Debug|Any CPU
		{8C20E7FA-9C93-42A9-A969-C3F5BDF093EA}.Release|Any CPU.ActiveCfg = Release|Any CPU
		{8C20E7FA-9C93-42A9-A969-C3F5BDF093EA}.Release|Any CPU.Build.0 = Release|Any CPU
		{8C20E7FA-9C93-42A9-A969-C3F5BDF093EA}.Release|x86.ActiveCfg = Release|Any CPU
		{8C20E7FA-9C93-42A9-A969-C3F5BDF093EA}.Release|x86.Build.0 = Release|Any CPU
		{95279469-5A3E-42E6-993C-6A403586C86E}.Debug|Any CPU.ActiveCfg = Debug|x86
		{95279469-5A3E-42E6-993C-6A403586C86E}.Debug|Any CPU.Build.0 = Debug|x86
		{95279469-5A3E-42E6-993C-6A403586C86E}.Debug|x86.ActiveCfg = Debug|x86
		{95279469-5A3E-42E6-993C-6A403586C86E}.Debug|x86.Build.0 = Debug|x86
		{95279469-5A3E-42E6-993C-6A403586C86E}.Release|Any CPU.ActiveCfg = Release|x86
		{95279469-5A3E-42E6-993C-6A403586C86E}.Release|x86.ActiveCfg = Release|x86
		{95279469-5A3E-42E6-993C-6A403586C86E}.Release|x86.Build.0 = Release|x86
		{9951D983-ED70-4F91-A958-8C13F006CB24}.Debug|Any CPU.ActiveCfg = Debug|Any CPU
		{9951D983-ED70-4F91-A958-8C13F006CB24}.Debug|Any CPU.Build.0 = Debug|Any CPU
		{9951D983-ED70-4F91-A958-8C13F006CB24}.Debug|x86.ActiveCfg = Debug|Any CPU
		{9951D983-ED70-4F91-A958-8C13F006CB24}.Debug|x86.Build.0 = Debug|Any CPU
		{9951D983-ED70-4F91-A958-8C13F006CB24}.Release|Any CPU.ActiveCfg = Release|Any CPU
		{9951D983-ED70-4F91-A958-8C13F006CB24}.Release|Any CPU.Build.0 = Release|Any CPU
		{9951D983-ED70-4F91-A958-8C13F006CB24}.Release|x86.ActiveCfg = Release|Any CPU
		{9951D983-ED70-4F91-A958-8C13F006CB24}.Release|x86.Build.0 = Release|Any CPU
		{A626E370-E99F-4C70-85FE-0B95B435E319}.Debug|Any CPU.ActiveCfg = Debug|Any CPU
		{A626E370-E99F-4C70-85FE-0B95B435E319}.Debug|Any CPU.Build.0 = Debug|Any CPU
		{A626E370-E99F-4C70-85FE-0B95B435E319}.Debug|x86.ActiveCfg = Debug|Any CPU
		{A626E370-E99F-4C70-85FE-0B95B435E319}.Debug|x86.Build.0 = Debug|Any CPU
		{A626E370-E99F-4C70-85FE-0B95B435E319}.Release|Any CPU.ActiveCfg = Release|Any CPU
		{A626E370-E99F-4C70-85FE-0B95B435E319}.Release|Any CPU.Build.0 = Release|Any CPU
		{A626E370-E99F-4C70-85FE-0B95B435E319}.Release|x86.ActiveCfg = Release|Any CPU
		{A626E370-E99F-4C70-85FE-0B95B435E319}.Release|x86.Build.0 = Release|Any CPU
		{8C904468-F3A3-4034-B2DE-ED532803AD38}.Debug|Any CPU.ActiveCfg = Debug|Any CPU
		{8C904468-F3A3-4034-B2DE-ED532803AD38}.Debug|Any CPU.Build.0 = Debug|Any CPU
		{8C904468-F3A3-4034-B2DE-ED532803AD38}.Debug|x86.ActiveCfg = Debug|Any CPU
		{8C904468-F3A3-4034-B2DE-ED532803AD38}.Debug|x86.Build.0 = Debug|Any CPU
		{8C904468-F3A3-4034-B2DE-ED532803AD38}.Release|Any CPU.ActiveCfg = Release|Any CPU
		{8C904468-F3A3-4034-B2DE-ED532803AD38}.Release|Any CPU.Build.0 = Release|Any CPU
		{8C904468-F3A3-4034-B2DE-ED532803AD38}.Release|x86.ActiveCfg = Release|Any CPU
		{8C904468-F3A3-4034-B2DE-ED532803AD38}.Release|x86.Build.0 = Release|Any CPU
		{B65D0252-6BCB-4901-9CA6-856EF785DF8D}.Debug|Any CPU.ActiveCfg = Debug|x86
		{B65D0252-6BCB-4901-9CA6-856EF785DF8D}.Debug|x86.ActiveCfg = Debug|x86
		{B65D0252-6BCB-4901-9CA6-856EF785DF8D}.Debug|x86.Build.0 = Debug|x86
		{B65D0252-6BCB-4901-9CA6-856EF785DF8D}.Release|Any CPU.ActiveCfg = Release|x86
		{B65D0252-6BCB-4901-9CA6-856EF785DF8D}.Release|x86.ActiveCfg = Release|x86
		{B65D0252-6BCB-4901-9CA6-856EF785DF8D}.Release|x86.Build.0 = Release|x86
		{97EFDBA5-9A5A-459E-BEC4-BA7647295675}.Debug|Any CPU.ActiveCfg = Debug|Any CPU
		{97EFDBA5-9A5A-459E-BEC4-BA7647295675}.Debug|Any CPU.Build.0 = Debug|Any CPU
		{97EFDBA5-9A5A-459E-BEC4-BA7647295675}.Debug|x86.ActiveCfg = Debug|Any CPU
		{97EFDBA5-9A5A-459E-BEC4-BA7647295675}.Debug|x86.Build.0 = Debug|Any CPU
		{97EFDBA5-9A5A-459E-BEC4-BA7647295675}.Release|Any CPU.ActiveCfg = Release|Any CPU
		{97EFDBA5-9A5A-459E-BEC4-BA7647295675}.Release|Any CPU.Build.0 = Release|Any CPU
		{97EFDBA5-9A5A-459E-BEC4-BA7647295675}.Release|x86.ActiveCfg = Release|Any CPU
		{97EFDBA5-9A5A-459E-BEC4-BA7647295675}.Release|x86.Build.0 = Release|Any CPU
	EndGlobalSection
	GlobalSection(SolutionProperties) = preSolution
		HideSolutionNode = FALSE
	EndGlobalSection
	GlobalSection(ExtensibilityGlobals) = postSolution
		SolutionGuid = {55540ABF-8BD7-4553-8C6D-03B5E024555F}
	EndGlobalSection
	GlobalSection(Performance) = preSolution
		HasPerformanceSessions = true
	EndGlobalSection
	GlobalSection(Performance) = preSolution
		HasPerformanceSessions = true
	EndGlobalSection
	GlobalSection(Performance) = preSolution
		HasPerformanceSessions = true
	EndGlobalSection
	GlobalSection(Performance) = preSolution
		HasPerformanceSessions = true
	EndGlobalSection
	GlobalSection(Performance) = preSolution
		HasPerformanceSessions = true
	EndGlobalSection
	GlobalSection(Performance) = preSolution
		HasPerformanceSessions = true
	EndGlobalSection
	GlobalSection(Performance) = preSolution
		HasPerformanceSessions = true
	EndGlobalSection
EndGlobal
