
Microsoft Visual Studio Solution File, Format Version 12.00
# Visual Studio 15
VisualStudioVersion = 15.0.27130.0
MinimumVisualStudioVersion = 10.0.40219.1
Project("{FAE04EC0-301F-11D3-BF4B-00C04F79EFBC}") = "Chummer", "Chummer.csproj", "{95279469-5A3E-42E6-993C-6A403586C86E}"
EndProject
Global
	GlobalSection(SolutionConfigurationPlatforms) = preSolution
		Debug|Any CPU = Debug|Any CPU
		Release|Any CPU = Release|Any CPU
	EndGlobalSection
	GlobalSection(ProjectConfigurationPlatforms) = postSolution
		{95279469-5A3E-42E6-993C-6A403586C86E}.Debug|Any CPU.ActiveCfg = Debug|x86
		{95279469-5A3E-42E6-993C-6A403586C86E}.Debug|Any CPU.Build.0 = Debug|x86
		{95279469-5A3E-42E6-993C-6A403586C86E}.Release|Any CPU.ActiveCfg = Release|x86
		{95279469-5A3E-42E6-993C-6A403586C86E}.Release|Any CPU.Build.0 = Release|x86
	EndGlobalSection
	GlobalSection(SolutionProperties) = preSolution
		HideSolutionNode = FALSE
	EndGlobalSection
	GlobalSection(ExtensibilityGlobals) = postSolution
		SolutionGuid = {CFADB71E-C0DB-4BE1-8885-4B4C94019D2B}
	EndGlobalSection
EndGlobal
