
Microsoft Visual Studio Solution File, Format Version 12.00
# Visual Studio Version 16
VisualStudioVersion = 16.0.31112.23
MinimumVisualStudioVersion = 10.0.40219.1
Project("{FAE04EC0-301F-11D3-BF4B-00C04F79EFBC}") = "MatrixPlugin", "MatrixPlugin.csproj", "{EA016472-2F78-43F9-AF2C-809BDF766645}"
EndProject
Global
	GlobalSection(SolutionConfigurationPlatforms) = preSolution
		Debug|Any CPU = Debug|Any CPU
		Release|Any CPU = Release|Any CPU
	EndGlobalSection
	GlobalSection(ProjectConfigurationPlatforms) = postSolution
		{EA016472-2F78-43F9-AF2C-809BDF766645}.Debug|Any CPU.ActiveCfg = Debug|Any CPU
		{EA016472-2F78-43F9-AF2C-809BDF766645}.Debug|Any CPU.Build.0 = Debug|Any CPU
		{EA016472-2F78-43F9-AF2C-809BDF766645}.Release|Any CPU.ActiveCfg = Release|Any CPU
		{EA016472-2F78-43F9-AF2C-809BDF766645}.Release|Any CPU.Build.0 = Release|Any CPU
	EndGlobalSection
	GlobalSection(SolutionProperties) = preSolution
		HideSolutionNode = FALSE
	EndGlobalSection
	GlobalSection(ExtensibilityGlobals) = postSolution
		SolutionGuid = {216CB37F-3993-4EE7-8B9E-2BD13C37B5FA}
	EndGlobalSection
EndGlobal
